
Microsoft Visual Studio Solution File, Format Version 12.00
# Visual Studio Version 16
VisualStudioVersion = 16.0.30717.126
MinimumVisualStudioVersion = 15.0.26124.0
Project("{9A19103F-16F7-4668-BE54-9A1E7A4F7556}") = "IntegrationTestsWithDocker", "src\IntegrationTestsWithDocker.csproj", "{45D137B9-26DA-46BD-826A-C92E1580DD3C}"
EndProject
Project("{FAE04EC0-301F-11D3-BF4B-00C04F79EFBC}") = "App.IntegrationTests", "tests\App.IntegrationTests\App.IntegrationTests.csproj", "{27892A0D-60D1-42F4-8CAC-13006FDF5109}"
EndProject
Global
	GlobalSection(SolutionConfigurationPlatforms) = preSolution
		Debug|Any CPU = Debug|Any CPU
		Debug|x64 = Debug|x64
		Debug|x86 = Debug|x86
		Release|Any CPU = Release|Any CPU
		Release|x64 = Release|x64
		Release|x86 = Release|x86
	EndGlobalSection
	GlobalSection(ProjectConfigurationPlatforms) = postSolution
		{45D137B9-26DA-46BD-826A-C92E1580DD3C}.Debug|Any CPU.ActiveCfg = Debug|Any CPU
		{45D137B9-26DA-46BD-826A-C92E1580DD3C}.Debug|Any CPU.Build.0 = Debug|Any CPU
		{45D137B9-26DA-46BD-826A-C92E1580DD3C}.Debug|x64.ActiveCfg = Debug|Any CPU
		{45D137B9-26DA-46BD-826A-C92E1580DD3C}.Debug|x64.Build.0 = Debug|Any CPU
		{45D137B9-26DA-46BD-826A-C92E1580DD3C}.Debug|x86.ActiveCfg = Debug|Any CPU
		{45D137B9-26DA-46BD-826A-C92E1580DD3C}.Debug|x86.Build.0 = Debug|Any CPU
		{45D137B9-26DA-46BD-826A-C92E1580DD3C}.Release|Any CPU.ActiveCfg = Release|Any CPU
		{45D137B9-26DA-46BD-826A-C92E1580DD3C}.Release|Any CPU.Build.0 = Release|Any CPU
		{45D137B9-26DA-46BD-826A-C92E1580DD3C}.Release|x64.ActiveCfg = Release|Any CPU
		{45D137B9-26DA-46BD-826A-C92E1580DD3C}.Release|x64.Build.0 = Release|Any CPU
		{45D137B9-26DA-46BD-826A-C92E1580DD3C}.Release|x86.ActiveCfg = Release|Any CPU
		{45D137B9-26DA-46BD-826A-C92E1580DD3C}.Release|x86.Build.0 = Release|Any CPU
		{27892A0D-60D1-42F4-8CAC-13006FDF5109}.Debug|Any CPU.ActiveCfg = Debug|Any CPU
		{27892A0D-60D1-42F4-8CAC-13006FDF5109}.Debug|Any CPU.Build.0 = Debug|Any CPU
		{27892A0D-60D1-42F4-8CAC-13006FDF5109}.Debug|x64.ActiveCfg = Debug|Any CPU
		{27892A0D-60D1-42F4-8CAC-13006FDF5109}.Debug|x64.Build.0 = Debug|Any CPU
		{27892A0D-60D1-42F4-8CAC-13006FDF5109}.Debug|x86.ActiveCfg = Debug|Any CPU
		{27892A0D-60D1-42F4-8CAC-13006FDF5109}.Debug|x86.Build.0 = Debug|Any CPU
		{27892A0D-60D1-42F4-8CAC-13006FDF5109}.Release|Any CPU.ActiveCfg = Release|Any CPU
		{27892A0D-60D1-42F4-8CAC-13006FDF5109}.Release|Any CPU.Build.0 = Release|Any CPU
		{27892A0D-60D1-42F4-8CAC-13006FDF5109}.Release|x64.ActiveCfg = Release|Any CPU
		{27892A0D-60D1-42F4-8CAC-13006FDF5109}.Release|x64.Build.0 = Release|Any CPU
		{27892A0D-60D1-42F4-8CAC-13006FDF5109}.Release|x86.ActiveCfg = Release|Any CPU
		{27892A0D-60D1-42F4-8CAC-13006FDF5109}.Release|x86.Build.0 = Release|Any CPU
	EndGlobalSection
	GlobalSection(SolutionProperties) = preSolution
		HideSolutionNode = FALSE
	EndGlobalSection
	GlobalSection(ExtensibilityGlobals) = postSolution
		SolutionGuid = {CD32B700-B55D-43E0-900C-D993F2A6BA7C}
	EndGlobalSection
EndGlobal
